// !$*UTF8*$!
{
	archiveVersion = 1;
	classes = {
	};
	objectVersion = 50;
	objects = {

/* Begin PBXBuildFile section */
		38DF956122424B3E00A958D6 /* SystemConfiguration.framework in Frameworks */ = {isa = PBXBuildFile; fileRef = 38DF956022424B3E00A958D6 /* SystemConfiguration.framework */; };
		38DF956222424B4100A958D6 /* AgoraRtmKit.framework in Frameworks */ = {isa = PBXBuildFile; fileRef = A7FD7DDD21F0262F005ACFD9 /* AgoraRtmKit.framework */; };
		38DF956422424B4600A958D6 /* libresolv.tbd in Frameworks */ = {isa = PBXBuildFile; fileRef = 38DF956322424B4600A958D6 /* libresolv.tbd */; };
		38DF956622424B4B00A958D6 /* libc++.tbd in Frameworks */ = {isa = PBXBuildFile; fileRef = 38DF956522424B4B00A958D6 /* libc++.tbd */; };
		38DF956822424B5A00A958D6 /* CoreWLAN.framework in Frameworks */ = {isa = PBXBuildFile; fileRef = 38DF956722424B5A00A958D6 /* CoreWLAN.framework */; };
		A7EE1D9E221E9C49007B835A /* AppDelegate.swift in Sources */ = {isa = PBXBuildFile; fileRef = A7EE1D9A221E9C48007B835A /* AppDelegate.swift */; };
		A7EE1D9F221E9C49007B835A /* Assets.xcassets in Resources */ = {isa = PBXBuildFile; fileRef = A7EE1D9C221E9C48007B835A /* Assets.xcassets */; };
		A7F23AAB2202B4BC003C46FB /* Main.storyboard in Resources */ = {isa = PBXBuildFile; fileRef = A7F23AA92202B4BC003C46FB /* Main.storyboard */; };
		A7F23ABC2202BC09003C46FB /* MainViewController.swift in Sources */ = {isa = PBXBuildFile; fileRef = A7FD7DDF21F02651005ACFD9 /* MainViewController.swift */; };
		A7F23ABD2202BCE3003C46FB /* AgoraRtm.swift in Sources */ = {isa = PBXBuildFile; fileRef = A706342021F047A600D6217B /* AgoraRtm.swift */; };
		A7F23AC82202BDB3003C46FB /* AppId.swift in Sources */ = {isa = PBXBuildFile; fileRef = A7FD7DE121F02709005ACFD9 /* AppId.swift */; };
		A7F23ACE2202CEDF003C46FB /* ReplaceSegue.swift in Sources */ = {isa = PBXBuildFile; fileRef = A7F23ACD2202CEDF003C46FB /* ReplaceSegue.swift */; };
		A7F23AD62202D2FC003C46FB /* PeerChannelViewController.swift in Sources */ = {isa = PBXBuildFile; fileRef = A7F23AD52202D2FC003C46FB /* PeerChannelViewController.swift */; };
		A7F23AD72202D523003C46FB /* ChatViewController.swift in Sources */ = {isa = PBXBuildFile; fileRef = A706342721F050EC00D6217B /* ChatViewController.swift */; };
		A7F23AE6220302F2003C46FB /* MessageCell.swift in Sources */ = {isa = PBXBuildFile; fileRef = A706343921F0818100D6217B /* MessageCell.swift */; };
/* End PBXBuildFile section */

/* Begin PBXFileReference section */
		38DF956022424B3E00A958D6 /* SystemConfiguration.framework */ = {isa = PBXFileReference; lastKnownFileType = wrapper.framework; name = SystemConfiguration.framework; path = Platforms/MacOSX.platform/Developer/SDKs/MacOSX10.14.sdk/System/Library/Frameworks/SystemConfiguration.framework; sourceTree = DEVELOPER_DIR; };
		38DF956322424B4600A958D6 /* libresolv.tbd */ = {isa = PBXFileReference; lastKnownFileType = "sourcecode.text-based-dylib-definition"; name = libresolv.tbd; path = Platforms/MacOSX.platform/Developer/SDKs/MacOSX10.14.sdk/usr/lib/libresolv.tbd; sourceTree = DEVELOPER_DIR; };
		38DF956522424B4B00A958D6 /* libc++.tbd */ = {isa = PBXFileReference; lastKnownFileType = "sourcecode.text-based-dylib-definition"; name = "libc++.tbd"; path = "Platforms/MacOSX.platform/Developer/SDKs/MacOSX10.14.sdk/usr/lib/libc++.tbd"; sourceTree = DEVELOPER_DIR; };
		38DF956722424B5A00A958D6 /* CoreWLAN.framework */ = {isa = PBXFileReference; lastKnownFileType = wrapper.framework; name = CoreWLAN.framework; path = Platforms/MacOSX.platform/Developer/SDKs/MacOSX10.14.sdk/System/Library/Frameworks/CoreWLAN.framework; sourceTree = DEVELOPER_DIR; };
		A706342021F047A600D6217B /* AgoraRtm.swift */ = {isa = PBXFileReference; lastKnownFileType = sourcecode.swift; path = AgoraRtm.swift; sourceTree = "<group>"; };
		A706342721F050EC00D6217B /* ChatViewController.swift */ = {isa = PBXFileReference; lastKnownFileType = sourcecode.swift; path = ChatViewController.swift; sourceTree = "<group>"; };
		A706343921F0818100D6217B /* MessageCell.swift */ = {isa = PBXFileReference; lastKnownFileType = sourcecode.swift; path = MessageCell.swift; sourceTree = "<group>"; };
		A7EE1D9A221E9C48007B835A /* AppDelegate.swift */ = {isa = PBXFileReference; fileEncoding = 4; lastKnownFileType = sourcecode.swift; name = AppDelegate.swift; path = "Agora-Rtm-Tutorial/AppDelegate.swift"; sourceTree = SOURCE_ROOT; };
		A7EE1D9C221E9C48007B835A /* Assets.xcassets */ = {isa = PBXFileReference; lastKnownFileType = folder.assetcatalog; name = Assets.xcassets; path = "Agora-Rtm-Tutorial/Assets.xcassets"; sourceTree = SOURCE_ROOT; };
		A7EE1D9D221E9C49007B835A /* Info.plist */ = {isa = PBXFileReference; fileEncoding = 4; lastKnownFileType = text.plist.xml; name = Info.plist; path = "Agora-Rtm-Tutorial/Info.plist"; sourceTree = SOURCE_ROOT; };
		A7F23AA12202B4B9003C46FB /* Agora-RTM-Tutorial-Mac.app */ = {isa = PBXFileReference; explicitFileType = wrapper.application; includeInIndex = 0; path = "Agora-RTM-Tutorial-Mac.app"; sourceTree = BUILT_PRODUCTS_DIR; };
		A7F23AAA2202B4BC003C46FB /* Base */ = {isa = PBXFileReference; lastKnownFileType = file.storyboard; name = Base; path = Base.lproj/Main.storyboard; sourceTree = "<group>"; };
		A7F23ACD2202CEDF003C46FB /* ReplaceSegue.swift */ = {isa = PBXFileReference; lastKnownFileType = sourcecode.swift; path = ReplaceSegue.swift; sourceTree = "<group>"; };
		A7F23AD52202D2FC003C46FB /* PeerChannelViewController.swift */ = {isa = PBXFileReference; lastKnownFileType = sourcecode.swift; path = PeerChannelViewController.swift; sourceTree = "<group>"; };
		A7FD7DDD21F0262F005ACFD9 /* AgoraRtmKit.framework */ = {isa = PBXFileReference; lastKnownFileType = wrapper.framework; path = AgoraRtmKit.framework; sourceTree = "<group>"; };
		A7FD7DDF21F02651005ACFD9 /* MainViewController.swift */ = {isa = PBXFileReference; lastKnownFileType = sourcecode.swift; path = MainViewController.swift; sourceTree = "<group>"; };
		A7FD7DE121F02709005ACFD9 /* AppId.swift */ = {isa = PBXFileReference; lastKnownFileType = sourcecode.swift; path = AppId.swift; sourceTree = "<group>"; };
/* End PBXFileReference section */

/* Begin PBXFrameworksBuildPhase section */
		A7F23A9E2202B4B9003C46FB /* Frameworks */ = {
			isa = PBXFrameworksBuildPhase;
			buildActionMask = 2147483647;
			files = (
				38DF956222424B4100A958D6 /* AgoraRtmKit.framework in Frameworks */,
				38DF956822424B5A00A958D6 /* CoreWLAN.framework in Frameworks */,
				38DF956622424B4B00A958D6 /* libc++.tbd in Frameworks */,
				38DF956422424B4600A958D6 /* libresolv.tbd in Frameworks */,
				38DF956122424B3E00A958D6 /* SystemConfiguration.framework in Frameworks */,
			);
			runOnlyForDeploymentPostprocessing = 0;
		};
/* End PBXFrameworksBuildPhase section */

/* Begin PBXGroup section */
		A7EE1DBA221EA54D007B835A /* Support Files */ = {
			isa = PBXGroup;
			children = (
				A7EE1D9A221E9C48007B835A /* AppDelegate.swift */,
				A7EE1D9C221E9C48007B835A /* Assets.xcassets */,
				A7EE1D9D221E9C49007B835A /* Info.plist */,
			);
			name = "Support Files";
			sourceTree = "<group>";
		};
		A7FD7DBC21EF61E1005ACFD9 = {
			isa = PBXGroup;
			children = (
				A7FD7DC721EF61E1005ACFD9 /* Agora-RTM-Tutorial */,
				A7FD7DC621EF61E1005ACFD9 /* Products */,
				A7FD7DDC21F0262C005ACFD9 /* Frameworks */,
			);
			sourceTree = "<group>";
		};
		A7FD7DC621EF61E1005ACFD9 /* Products */ = {
			isa = PBXGroup;
			children = (
				A7F23AA12202B4B9003C46FB /* Agora-RTM-Tutorial-Mac.app */,
			);
			name = Products;
			sourceTree = "<group>";
		};
		A7FD7DC721EF61E1005ACFD9 /* Agora-RTM-Tutorial */ = {
			isa = PBXGroup;
			children = (
				A706342021F047A600D6217B /* AgoraRtm.swift */,
				A7FD7DE121F02709005ACFD9 /* AppId.swift */,
				A7FD7DDF21F02651005ACFD9 /* MainViewController.swift */,
				A7F23AD52202D2FC003C46FB /* PeerChannelViewController.swift */,
				A706342721F050EC00D6217B /* ChatViewController.swift */,
				A706343921F0818100D6217B /* MessageCell.swift */,
				A7F23ACD2202CEDF003C46FB /* ReplaceSegue.swift */,
				A7F23AA92202B4BC003C46FB /* Main.storyboard */,
				A7EE1DBA221EA54D007B835A /* Support Files */,
				A7FD7DDD21F0262F005ACFD9 /* AgoraRtmKit.framework */,
			);
			path = "Agora-RTM-Tutorial";
			sourceTree = "<group>";
		};
		A7FD7DDC21F0262C005ACFD9 /* Frameworks */ = {
			isa = PBXGroup;
			children = (
				38DF956722424B5A00A958D6 /* CoreWLAN.framework */,
				38DF956522424B4B00A958D6 /* libc++.tbd */,
				38DF956322424B4600A958D6 /* libresolv.tbd */,
				38DF956022424B3E00A958D6 /* SystemConfiguration.framework */,
			);
			name = Frameworks;
			sourceTree = "<group>";
		};
/* End PBXGroup section */

/* Begin PBXNativeTarget section */
		A7F23AA02202B4B9003C46FB /* Agora-RTM-Tutorial-Mac */ = {
			isa = PBXNativeTarget;
			buildConfigurationList = A7F23AB02202B4BC003C46FB /* Build configuration list for PBXNativeTarget "Agora-RTM-Tutorial-Mac" */;
			buildPhases = (
				A7F23A9D2202B4B9003C46FB /* Sources */,
				A7F23A9E2202B4B9003C46FB /* Frameworks */,
				A7F23A9F2202B4B9003C46FB /* Resources */,
			);
			buildRules = (
			);
			dependencies = (
			);
			name = "Agora-RTM-Tutorial-Mac";
			productName = "Agora-Rtm-Tutorial-Mac";
			productReference = A7F23AA12202B4B9003C46FB /* Agora-RTM-Tutorial-Mac.app */;
			productType = "com.apple.product-type.application";
		};
/* End PBXNativeTarget section */

/* Begin PBXProject section */
		A7FD7DBD21EF61E1005ACFD9 /* Project object */ = {
			isa = PBXProject;
			attributes = {
				LastSwiftUpdateCheck = 1010;
				LastUpgradeCheck = 1010;
				ORGANIZATIONNAME = Agora;
				TargetAttributes = {
					A7F23AA02202B4B9003C46FB = {
						CreatedOnToolsVersion = 10.1;
						SystemCapabilities = {
							com.apple.Sandbox = {
								enabled = 1;
							};
						};
					};
				};
			};
			buildConfigurationList = A7FD7DC021EF61E1005ACFD9 /* Build configuration list for PBXProject "Agora-RTM-Tutorial" */;
			compatibilityVersion = "Xcode 9.3";
			developmentRegion = en;
			hasScannedForEncodings = 0;
			knownRegions = (
				en,
				Base,
			);
			mainGroup = A7FD7DBC21EF61E1005ACFD9;
			productRefGroup = A7FD7DC621EF61E1005ACFD9 /* Products */;
			projectDirPath = "";
			projectRoot = "";
			targets = (
				A7F23AA02202B4B9003C46FB /* Agora-RTM-Tutorial-Mac */,
			);
		};
/* End PBXProject section */

/* Begin PBXResourcesBuildPhase section */
		A7F23A9F2202B4B9003C46FB /* Resources */ = {
			isa = PBXResourcesBuildPhase;
			buildActionMask = 2147483647;
			files = (
				A7EE1D9F221E9C49007B835A /* Assets.xcassets in Resources */,
				A7F23AAB2202B4BC003C46FB /* Main.storyboard in Resources */,
			);
			runOnlyForDeploymentPostprocessing = 0;
		};
/* End PBXResourcesBuildPhase section */

/* Begin PBXSourcesBuildPhase section */
		A7F23A9D2202B4B9003C46FB /* Sources */ = {
			isa = PBXSourcesBuildPhase;
			buildActionMask = 2147483647;
			files = (
				A7EE1D9E221E9C49007B835A /* AppDelegate.swift in Sources */,
				A7F23AD72202D523003C46FB /* ChatViewController.swift in Sources */,
				A7F23ACE2202CEDF003C46FB /* ReplaceSegue.swift in Sources */,
				A7F23AC82202BDB3003C46FB /* AppId.swift in Sources */,
				A7F23ABD2202BCE3003C46FB /* AgoraRtm.swift in Sources */,
				A7F23ABC2202BC09003C46FB /* MainViewController.swift in Sources */,
				A7F23AD62202D2FC003C46FB /* PeerChannelViewController.swift in Sources */,
				A7F23AE6220302F2003C46FB /* MessageCell.swift in Sources */,
			);
			runOnlyForDeploymentPostprocessing = 0;
		};
/* End PBXSourcesBuildPhase section */

/* Begin PBXVariantGroup section */
		A7F23AA92202B4BC003C46FB /* Main.storyboard */ = {
			isa = PBXVariantGroup;
			children = (
				A7F23AAA2202B4BC003C46FB /* Base */,
			);
			name = Main.storyboard;
			sourceTree = "<group>";
		};
/* End PBXVariantGroup section */

/* Begin XCBuildConfiguration section */
		A7F23AAE2202B4BC003C46FB /* Debug */ = {
			isa = XCBuildConfiguration;
			buildSettings = {
				ASSETCATALOG_COMPILER_APPICON_NAME = AppIcon;
				CODE_SIGN_ENTITLEMENTS = "";
				CODE_SIGN_IDENTITY = "-";
				CODE_SIGN_STYLE = Automatic;
				COMBINE_HIDPI_IMAGES = YES;
				FRAMEWORK_SEARCH_PATHS = (
					"$(inherited)",
					"$(PROJECT_DIR)/Agora-Rtm-Tutorial",
				);
				INFOPLIST_FILE = "Agora-Rtm-Tutorial/Info.plist";
				LD_RUNPATH_SEARCH_PATHS = (
					"$(inherited)",
					"@executable_path/../Frameworks",
				);
				MACOSX_DEPLOYMENT_TARGET = 10.10;
				PRODUCT_BUNDLE_IDENTIFIER = "io.agora.Agora-RTM-Tutorial-Mac";
				PRODUCT_NAME = "$(TARGET_NAME)";
				SDKROOT = macosx;
				SWIFT_VERSION = 4.2;
			};
			name = Debug;
		};
		A7F23AAF2202B4BC003C46FB /* Release */ = {
			isa = XCBuildConfiguration;
			buildSettings = {
				ASSETCATALOG_COMPILER_APPICON_NAME = AppIcon;
				CODE_SIGN_ENTITLEMENTS = "";
				CODE_SIGN_IDENTITY = "-";
				CODE_SIGN_STYLE = Automatic;
				COMBINE_HIDPI_IMAGES = YES;
				FRAMEWORK_SEARCH_PATHS = (
					"$(inherited)",
					"$(PROJECT_DIR)/Agora-Rtm-Tutorial",
				);
				INFOPLIST_FILE = "Agora-Rtm-Tutorial/Info.plist";
				LD_RUNPATH_SEARCH_PATHS = (
					"$(inherited)",
					"@executable_path/../Frameworks",
				);
				MACOSX_DEPLOYMENT_TARGET = 10.10;
				PRODUCT_BUNDLE_IDENTIFIER = "io.agora.Agora-RTM-Tutorial-Mac";
				PRODUCT_NAME = "$(TARGET_NAME)";
				SDKROOT = macosx;
				SWIFT_VERSION = 4.2;
			};
			name = Release;
		};
		A7FD7DD521EF61E3005ACFD9 /* Debug */ = {
			isa = XCBuildConfiguration;
			buildSettings = {
				ALWAYS_SEARCH_USER_PATHS = NO;
				CLANG_ANALYZER_NONNULL = YES;
				CLANG_ANALYZER_NUMBER_OBJECT_CONVERSION = YES_AGGRESSIVE;
				CLANG_CXX_LANGUAGE_STANDARD = "gnu++14";
				CLANG_CXX_LIBRARY = "libc++";
				CLANG_ENABLE_MODULES = YES;
				CLANG_ENABLE_OBJC_ARC = YES;
				CLANG_ENABLE_OBJC_WEAK = YES;
				CLANG_WARN_BLOCK_CAPTURE_AUTORELEASING = YES;
				CLANG_WARN_BOOL_CONVERSION = YES;
				CLANG_WARN_COMMA = YES;
				CLANG_WARN_CONSTANT_CONVERSION = YES;
				CLANG_WARN_DEPRECATED_OBJC_IMPLEMENTATIONS = YES;
				CLANG_WARN_DIRECT_OBJC_ISA_USAGE = YES_ERROR;
				CLANG_WARN_DOCUMENTATION_COMMENTS = YES;
				CLANG_WARN_EMPTY_BODY = YES;
				CLANG_WARN_ENUM_CONVERSION = YES;
				CLANG_WARN_INFINITE_RECURSION = YES;
				CLANG_WARN_INT_CONVERSION = YES;
				CLANG_WARN_NON_LITERAL_NULL_CONVERSION = YES;
				CLANG_WARN_OBJC_IMPLICIT_RETAIN_SELF = YES;
				CLANG_WARN_OBJC_LITERAL_CONVERSION = YES;
				CLANG_WARN_OBJC_ROOT_CLASS = YES_ERROR;
				CLANG_WARN_RANGE_LOOP_ANALYSIS = YES;
				CLANG_WARN_STRICT_PROTOTYPES = YES;
				CLANG_WARN_SUSPICIOUS_MOVE = YES;
				CLANG_WARN_UNGUARDED_AVAILABILITY = YES_AGGRESSIVE;
				CLANG_WARN_UNREACHABLE_CODE = YES;
				CLANG_WARN__DUPLICATE_METHOD_MATCH = YES;
				CODE_SIGN_IDENTITY = "iPhone Developer";
				COPY_PHASE_STRIP = NO;
				DEBUG_INFORMATION_FORMAT = dwarf;
				ENABLE_STRICT_OBJC_MSGSEND = YES;
				ENABLE_TESTABILITY = YES;
				GCC_C_LANGUAGE_STANDARD = gnu11;
				GCC_DYNAMIC_NO_PIC = NO;
				GCC_NO_COMMON_BLOCKS = YES;
				GCC_OPTIMIZATION_LEVEL = 0;
				GCC_PREPROCESSOR_DEFINITIONS = (
					"DEBUG=1",
					"$(inherited)",
				);
				GCC_WARN_64_TO_32_BIT_CONVERSION = YES;
				GCC_WARN_ABOUT_RETURN_TYPE = YES_ERROR;
				GCC_WARN_UNDECLARED_SELECTOR = YES;
				GCC_WARN_UNINITIALIZED_AUTOS = YES_AGGRESSIVE;
				GCC_WARN_UNUSED_FUNCTION = YES;
				GCC_WARN_UNUSED_VARIABLE = YES;
				IPHONEOS_DEPLOYMENT_TARGET = 12.1;
				MTL_ENABLE_DEBUG_INFO = INCLUDE_SOURCE;
				MTL_FAST_MATH = YES;
				ONLY_ACTIVE_ARCH = YES;
				SDKROOT = iphoneos;
				SWIFT_ACTIVE_COMPILATION_CONDITIONS = DEBUG;
				SWIFT_OPTIMIZATION_LEVEL = "-Onone";
			};
			name = Debug;
		};
		A7FD7DD621EF61E3005ACFD9 /* Release */ = {
			isa = XCBuildConfiguration;
			buildSettings = {
				ALWAYS_SEARCH_USER_PATHS = NO;
				CLANG_ANALYZER_NONNULL = YES;
				CLANG_ANALYZER_NUMBER_OBJECT_CONVERSION = YES_AGGRESSIVE;
				CLANG_CXX_LANGUAGE_STANDARD = "gnu++14";
				CLANG_CXX_LIBRARY = "libc++";
				CLANG_ENABLE_MODULES = YES;
				CLANG_ENABLE_OBJC_ARC = YES;
				CLANG_ENABLE_OBJC_WEAK = YES;
				CLANG_WARN_BLOCK_CAPTURE_AUTORELEASING = YES;
				CLANG_WARN_BOOL_CONVERSION = YES;
				CLANG_WARN_COMMA = YES;
				CLANG_WARN_CONSTANT_CONVERSION = YES;
				CLANG_WARN_DEPRECATED_OBJC_IMPLEMENTATIONS = YES;
				CLANG_WARN_DIRECT_OBJC_ISA_USAGE = YES_ERROR;
				CLANG_WARN_DOCUMENTATION_COMMENTS = YES;
				CLANG_WARN_EMPTY_BODY = YES;
				CLANG_WARN_ENUM_CONVERSION = YES;
				CLANG_WARN_INFINITE_RECURSION = YES;
				CLANG_WARN_INT_CONVERSION = YES;
				CLANG_WARN_NON_LITERAL_NULL_CONVERSION = YES;
				CLANG_WARN_OBJC_IMPLICIT_RETAIN_SELF = YES;
				CLANG_WARN_OBJC_LITERAL_CONVERSION = YES;
				CLANG_WARN_OBJC_ROOT_CLASS = YES_ERROR;
				CLANG_WARN_RANGE_LOOP_ANALYSIS = YES;
				CLANG_WARN_STRICT_PROTOTYPES = YES;
				CLANG_WARN_SUSPICIOUS_MOVE = YES;
				CLANG_WARN_UNGUARDED_AVAILABILITY = YES_AGGRESSIVE;
				CLANG_WARN_UNREACHABLE_CODE = YES;
				CLANG_WARN__DUPLICATE_METHOD_MATCH = YES;
				CODE_SIGN_IDENTITY = "iPhone Developer";
				COPY_PHASE_STRIP = NO;
				DEBUG_INFORMATION_FORMAT = "dwarf-with-dsym";
				ENABLE_NS_ASSERTIONS = NO;
				ENABLE_STRICT_OBJC_MSGSEND = YES;
				GCC_C_LANGUAGE_STANDARD = gnu11;
				GCC_NO_COMMON_BLOCKS = YES;
				GCC_WARN_64_TO_32_BIT_CONVERSION = YES;
				GCC_WARN_ABOUT_RETURN_TYPE = YES_ERROR;
				GCC_WARN_UNDECLARED_SELECTOR = YES;
				GCC_WARN_UNINITIALIZED_AUTOS = YES_AGGRESSIVE;
				GCC_WARN_UNUSED_FUNCTION = YES;
				GCC_WARN_UNUSED_VARIABLE = YES;
				IPHONEOS_DEPLOYMENT_TARGET = 12.1;
				MTL_ENABLE_DEBUG_INFO = NO;
				MTL_FAST_MATH = YES;
				SDKROOT = iphoneos;
				SWIFT_COMPILATION_MODE = wholemodule;
				SWIFT_OPTIMIZATION_LEVEL = "-O";
				VALIDATE_PRODUCT = YES;
			};
			name = Release;
		};
/* End XCBuildConfiguration section */

/* Begin XCConfigurationList section */
		A7F23AB02202B4BC003C46FB /* Build configuration list for PBXNativeTarget "Agora-RTM-Tutorial-Mac" */ = {
			isa = XCConfigurationList;
			buildConfigurations = (
				A7F23AAE2202B4BC003C46FB /* Debug */,
				A7F23AAF2202B4BC003C46FB /* Release */,
			);
			defaultConfigurationIsVisible = 0;
			defaultConfigurationName = Release;
		};
		A7FD7DC021EF61E1005ACFD9 /* Build configuration list for PBXProject "Agora-RTM-Tutorial" */ = {
			isa = XCConfigurationList;
			buildConfigurations = (
				A7FD7DD521EF61E3005ACFD9 /* Debug */,
				A7FD7DD621EF61E3005ACFD9 /* Release */,
			);
			defaultConfigurationIsVisible = 0;
			defaultConfigurationName = Release;
		};
/* End XCConfigurationList section */
	};
	rootObject = A7FD7DBD21EF61E1005ACFD9 /* Project object */;
}
